
Microsoft Visual Studio Solution File, Format Version 12.00
# Visual Studio Version 16
VisualStudioVersion = 16.0.30011.22
MinimumVisualStudioVersion = 10.0.40219.1
Project("{FAE04EC0-301F-11D3-BF4B-00C04F79EFBC}") = "TrashCollector", "TrashCollector\TrashCollector.csproj", "{AE0532A3-4BF5-4524-B770-A737310442F1}"
EndProject
Global
	GlobalSection(SolutionConfigurationPlatforms) = preSolution
		Debug|Any CPU = Debug|Any CPU
		Release|Any CPU = Release|Any CPU
	EndGlobalSection
	GlobalSection(ProjectConfigurationPlatforms) = postSolution
		{AE0532A3-4BF5-4524-B770-A737310442F1}.Debug|Any CPU.ActiveCfg = Debug|Any CPU
		{AE0532A3-4BF5-4524-B770-A737310442F1}.Debug|Any CPU.Build.0 = Debug|Any CPU
		{AE0532A3-4BF5-4524-B770-A737310442F1}.Release|Any CPU.ActiveCfg = Release|Any CPU
		{AE0532A3-4BF5-4524-B770-A737310442F1}.Release|Any CPU.Build.0 = Release|Any CPU
	EndGlobalSection
	GlobalSection(SolutionProperties) = preSolution
		HideSolutionNode = FALSE
	EndGlobalSection
	GlobalSection(ExtensibilityGlobals) = postSolution
		SolutionGuid = {0A9EA5ED-1093-4814-B812-B1E1A2744B00}
	EndGlobalSection
EndGlobal
